
Microsoft Visual Studio Solution File, Format Version 12.00
# Visual Studio Version 16
VisualStudioVersion = 16.0.31005.135
MinimumVisualStudioVersion = 10.0.40219.1
Project("{8BC9CEB8-8B4A-11D0-8D11-00A0C91BC942}") = "Laba2", "Laba2\Laba2.vcxproj", "{A1DEC799-08FA-4194-9CAD-5B380AA4E28C}"
EndProject
Project("{FAE04EC0-301F-11D3-BF4B-00C04F79EFBC}") = "UI", "UI\UI.csproj", "{E7E52A5F-87F6-4DBE-B6C7-EC7A61392CE9}"
EndProject
Global
	GlobalSection(SolutionConfigurationPlatforms) = preSolution
		Debug|Any CPU = Debug|Any CPU
		Debug|x64 = Debug|x64
		Debug|x86 = Debug|x86
		Release|Any CPU = Release|Any CPU
		Release|x64 = Release|x64
		Release|x86 = Release|x86
	EndGlobalSection
	GlobalSection(ProjectConfigurationPlatforms) = postSolution
		{A1DEC799-08FA-4194-9CAD-5B380AA4E28C}.Debug|Any CPU.ActiveCfg = Debug|Win32
		{A1DEC799-08FA-4194-9CAD-5B380AA4E28C}.Debug|x64.ActiveCfg = Debug|x64
		{A1DEC799-08FA-4194-9CAD-5B380AA4E28C}.Debug|x64.Build.0 = Debug|x64
		{A1DEC799-08FA-4194-9CAD-5B380AA4E28C}.Debug|x86.ActiveCfg = Debug|Win32
		{A1DEC799-08FA-4194-9CAD-5B380AA4E28C}.Debug|x86.Build.0 = Debug|Win32
		{A1DEC799-08FA-4194-9CAD-5B380AA4E28C}.Release|Any CPU.ActiveCfg = Release|Win32
		{A1DEC799-08FA-4194-9CAD-5B380AA4E28C}.Release|x64.ActiveCfg = Release|x64
		{A1DEC799-08FA-4194-9CAD-5B380AA4E28C}.Release|x64.Build.0 = Release|x64
		{A1DEC799-08FA-4194-9CAD-5B380AA4E28C}.Release|x86.ActiveCfg = Release|Win32
		{A1DEC799-08FA-4194-9CAD-5B380AA4E28C}.Release|x86.Build.0 = Release|Win32
		{E7E52A5F-87F6-4DBE-B6C7-EC7A61392CE9}.Debug|Any CPU.ActiveCfg = Debug|Any CPU
		{E7E52A5F-87F6-4DBE-B6C7-EC7A61392CE9}.Debug|Any CPU.Build.0 = Debug|Any CPU
		{E7E52A5F-87F6-4DBE-B6C7-EC7A61392CE9}.Debug|x64.ActiveCfg = Debug|Any CPU
		{E7E52A5F-87F6-4DBE-B6C7-EC7A61392CE9}.Debug|x64.Build.0 = Debug|Any CPU
		{E7E52A5F-87F6-4DBE-B6C7-EC7A61392CE9}.Debug|x86.ActiveCfg = Debug|Any CPU
		{E7E52A5F-87F6-4DBE-B6C7-EC7A61392CE9}.Debug|x86.Build.0 = Debug|Any CPU
		{E7E52A5F-87F6-4DBE-B6C7-EC7A61392CE9}.Release|Any CPU.ActiveCfg = Release|Any CPU
		{E7E52A5F-87F6-4DBE-B6C7-EC7A61392CE9}.Release|Any CPU.Build.0 = Release|Any CPU
		{E7E52A5F-87F6-4DBE-B6C7-EC7A61392CE9}.Release|x64.ActiveCfg = Release|Any CPU
		{E7E52A5F-87F6-4DBE-B6C7-EC7A61392CE9}.Release|x64.Build.0 = Release|Any CPU
		{E7E52A5F-87F6-4DBE-B6C7-EC7A61392CE9}.Release|x86.ActiveCfg = Release|Any CPU
		{E7E52A5F-87F6-4DBE-B6C7-EC7A61392CE9}.Release|x86.Build.0 = Release|Any CPU
	EndGlobalSection
	GlobalSection(SolutionProperties) = preSolution
		HideSolutionNode = FALSE
	EndGlobalSection
	GlobalSection(ExtensibilityGlobals) = postSolution
		SolutionGuid = {DB9EF379-0E40-4253-AE1A-219635C8D1F3}
	EndGlobalSection
EndGlobal
